
Microsoft Visual Studio Solution File, Format Version 12.00
# Visual Studio 2012
Project("{FAE04EC0-301F-11D3-BF4B-00C04F79EFBC}") = "Student_Assignment_Merge", "Student_Assignment_Merge\Student_Assignment_Merge.csproj", "{D50D5B02-22E3-4E53-A60D-794748DECBCC}"
EndProject
Global
	GlobalSection(SolutionConfigurationPlatforms) = preSolution
		Debug|Any CPU = Debug|Any CPU
		Release|Any CPU = Release|Any CPU
	EndGlobalSection
	GlobalSection(ProjectConfigurationPlatforms) = postSolution
		{D50D5B02-22E3-4E53-A60D-794748DECBCC}.Debug|Any CPU.ActiveCfg = Debug|Any CPU
		{D50D5B02-22E3-4E53-A60D-794748DECBCC}.Debug|Any CPU.Build.0 = Debug|Any CPU
		{D50D5B02-22E3-4E53-A60D-794748DECBCC}.Release|Any CPU.ActiveCfg = Release|Any CPU
		{D50D5B02-22E3-4E53-A60D-794748DECBCC}.Release|Any CPU.Build.0 = Release|Any CPU
	EndGlobalSection
	GlobalSection(SolutionProperties) = preSolution
		HideSolutionNode = FALSE
	EndGlobalSection
EndGlobal
